
Microsoft Visual Studio Solution File, Format Version 12.00
# Visual Studio Version 16
VisualStudioVersion = 16.0.31624.102
MinimumVisualStudioVersion = 10.0.40219.1
Project("{2150E333-8FDC-42A3-9474-1A3956D46DE8}") = "1.API", "1.API", "{CDC2EF44-8FD5-4879-B928-F80354462712}"
EndProject
Project("{9A19103F-16F7-4668-BE54-9A1E7A4F7556}") = "Sales.API", "Sales\Sales.API\Sales.API.csproj", "{140B354F-6626-4AAE-BAF2-893673CCB0A1}"
EndProject
Project("{9A19103F-16F7-4668-BE54-9A1E7A4F7556}") = "Sales.API.Common", "Sales\Sales.API.Common\Sales.API.Common.csproj", "{33B33703-A4E2-408D-B60D-9D2E8D3D0C86}"
EndProject
Project("{9A19103F-16F7-4668-BE54-9A1E7A4F7556}") = "Sales.API.DataContracts", "Sales\Sales.API.DataContracts\Sales.API.DataContracts.csproj", "{C8365F11-939C-45FF-B43F-050B19DA0086}"
EndProject
Project("{2150E333-8FDC-42A3-9474-1A3956D46DE8}") = "00.Tests", "00.Tests", "{697076A6-B013-4615-8743-A08F025F09BC}"
EndProject
Project("{9A19103F-16F7-4668-BE54-9A1E7A4F7556}") = "Sales.API.Tests.Controllers", "Sales\Sales.API.Tests.Controllers\Sales.API.Tests.Controllers.csproj", "{8A8253BC-427C-4522-A402-D52CCC8CE960}"
EndProject
Project("{9A19103F-16F7-4668-BE54-9A1E7A4F7556}") = "Sales.API.Tests.REST", "Sales\Sales.API.Tests.REST\Sales.API.Tests.REST.csproj", "{5F409ACD-E45B-4C7B-A542-07852245371B}"
EndProject
Project("{2150E333-8FDC-42A3-9474-1A3956D46DE8}") = "01.Common", "01.Common", "{AAFE5059-8256-4C71-AA41-A6AC87234A97}"
EndProject
Project("{9A19103F-16F7-4668-BE54-9A1E7A4F7556}") = "Sales.IoC.Configuration", "Sales\Sales.IoC.Configuration\Sales.IoC.Configuration.csproj", "{BBFF5F22-5662-4CCF-ADEF-103C6E0C57D2}"
EndProject
Project("{9A19103F-16F7-4668-BE54-9A1E7A4F7556}") = "Sales.Tools", "Sales\Sales.Tools\Sales.Tools.csproj", "{57779E66-DBFE-4BCB-A0FA-89F986BAD3AC}"
EndProject
Project("{2150E333-8FDC-42A3-9474-1A3956D46DE8}") = "2.Services", "2.Services", "{D8EE4513-4FD3-4E1F-9AA9-5DC2665CD8BF}"
EndProject
Project("{9A19103F-16F7-4668-BE54-9A1E7A4F7556}") = "Sales.Services", "Sales\Sales.Services\Sales.Services.csproj", "{04FED61F-CD16-4A55-9D7C-5FFD6EF8C650}"
EndProject
Project("{9A19103F-16F7-4668-BE54-9A1E7A4F7556}") = "Sales.Services.Contracts", "Sales\Sales.Services.Contracts\Sales.Services.Contracts.csproj", "{A6C0AF7C-0044-4742-BD94-C4EF8EA1B1FC}"
EndProject
Project("{9A19103F-16F7-4668-BE54-9A1E7A4F7556}") = "Sales.Services.Model", "Sales\Sales.Services.Model\Sales.Services.Model.csproj", "{54753190-D414-42F8-9E34-57C480715118}"
EndProject
Project("{2150E333-8FDC-42A3-9474-1A3956D46DE8}") = "3.Repositories", "3.Repositories", "{C5FBEAC4-C1C1-4AAF-8006-38E510BA8987}"
EndProject
Project("{FAE04EC0-301F-11D3-BF4B-00C04F79EFBC}") = "Sales.Repositories", "Sales.Repositories\Sales.Repositories.csproj", "{FBE0D78E-AC06-496B-9318-9D2B723BA20F}"
EndProject
Project("{FAE04EC0-301F-11D3-BF4B-00C04F79EFBC}") = "Sales.Repositories.Contracts", "Sales.Repositories.Contracts\Sales.Repositories.Contracts.csproj", "{9795922B-61B7-4B4F-A904-C166B6A00160}"
EndProject
Global
	GlobalSection(SolutionConfigurationPlatforms) = preSolution
		Debug|Any CPU = Debug|Any CPU
		Release|Any CPU = Release|Any CPU
	EndGlobalSection
	GlobalSection(ProjectConfigurationPlatforms) = postSolution
		{140B354F-6626-4AAE-BAF2-893673CCB0A1}.Debug|Any CPU.ActiveCfg = Debug|Any CPU
		{140B354F-6626-4AAE-BAF2-893673CCB0A1}.Debug|Any CPU.Build.0 = Debug|Any CPU
		{140B354F-6626-4AAE-BAF2-893673CCB0A1}.Release|Any CPU.ActiveCfg = Release|Any CPU
		{140B354F-6626-4AAE-BAF2-893673CCB0A1}.Release|Any CPU.Build.0 = Release|Any CPU
		{33B33703-A4E2-408D-B60D-9D2E8D3D0C86}.Debug|Any CPU.ActiveCfg = Debug|Any CPU
		{33B33703-A4E2-408D-B60D-9D2E8D3D0C86}.Debug|Any CPU.Build.0 = Debug|Any CPU
		{33B33703-A4E2-408D-B60D-9D2E8D3D0C86}.Release|Any CPU.ActiveCfg = Release|Any CPU
		{33B33703-A4E2-408D-B60D-9D2E8D3D0C86}.Release|Any CPU.Build.0 = Release|Any CPU
		{C8365F11-939C-45FF-B43F-050B19DA0086}.Debug|Any CPU.ActiveCfg = Debug|Any CPU
		{C8365F11-939C-45FF-B43F-050B19DA0086}.Debug|Any CPU.Build.0 = Debug|Any CPU
		{C8365F11-939C-45FF-B43F-050B19DA0086}.Release|Any CPU.ActiveCfg = Release|Any CPU
		{C8365F11-939C-45FF-B43F-050B19DA0086}.Release|Any CPU.Build.0 = Release|Any CPU
		{8A8253BC-427C-4522-A402-D52CCC8CE960}.Debug|Any CPU.ActiveCfg = Debug|Any CPU
		{8A8253BC-427C-4522-A402-D52CCC8CE960}.Debug|Any CPU.Build.0 = Debug|Any CPU
		{8A8253BC-427C-4522-A402-D52CCC8CE960}.Release|Any CPU.ActiveCfg = Release|Any CPU
		{8A8253BC-427C-4522-A402-D52CCC8CE960}.Release|Any CPU.Build.0 = Release|Any CPU
		{5F409ACD-E45B-4C7B-A542-07852245371B}.Debug|Any CPU.ActiveCfg = Debug|Any CPU
		{5F409ACD-E45B-4C7B-A542-07852245371B}.Debug|Any CPU.Build.0 = Debug|Any CPU
		{5F409ACD-E45B-4C7B-A542-07852245371B}.Release|Any CPU.ActiveCfg = Release|Any CPU
		{5F409ACD-E45B-4C7B-A542-07852245371B}.Release|Any CPU.Build.0 = Release|Any CPU
		{BBFF5F22-5662-4CCF-ADEF-103C6E0C57D2}.Debug|Any CPU.ActiveCfg = Debug|Any CPU
		{BBFF5F22-5662-4CCF-ADEF-103C6E0C57D2}.Debug|Any CPU.Build.0 = Debug|Any CPU
		{BBFF5F22-5662-4CCF-ADEF-103C6E0C57D2}.Release|Any CPU.ActiveCfg = Release|Any CPU
		{BBFF5F22-5662-4CCF-ADEF-103C6E0C57D2}.Release|Any CPU.Build.0 = Release|Any CPU
		{57779E66-DBFE-4BCB-A0FA-89F986BAD3AC}.Debug|Any CPU.ActiveCfg = Debug|Any CPU
		{57779E66-DBFE-4BCB-A0FA-89F986BAD3AC}.Debug|Any CPU.Build.0 = Debug|Any CPU
		{57779E66-DBFE-4BCB-A0FA-89F986BAD3AC}.Release|Any CPU.ActiveCfg = Release|Any CPU
		{57779E66-DBFE-4BCB-A0FA-89F986BAD3AC}.Release|Any CPU.Build.0 = Release|Any CPU
		{04FED61F-CD16-4A55-9D7C-5FFD6EF8C650}.Debug|Any CPU.ActiveCfg = Debug|Any CPU
		{04FED61F-CD16-4A55-9D7C-5FFD6EF8C650}.Debug|Any CPU.Build.0 = Debug|Any CPU
		{04FED61F-CD16-4A55-9D7C-5FFD6EF8C650}.Release|Any CPU.ActiveCfg = Release|Any CPU
		{04FED61F-CD16-4A55-9D7C-5FFD6EF8C650}.Release|Any CPU.Build.0 = Release|Any CPU
		{A6C0AF7C-0044-4742-BD94-C4EF8EA1B1FC}.Debug|Any CPU.ActiveCfg = Debug|Any CPU
		{A6C0AF7C-0044-4742-BD94-C4EF8EA1B1FC}.Debug|Any CPU.Build.0 = Debug|Any CPU
		{A6C0AF7C-0044-4742-BD94-C4EF8EA1B1FC}.Release|Any CPU.ActiveCfg = Release|Any CPU
		{A6C0AF7C-0044-4742-BD94-C4EF8EA1B1FC}.Release|Any CPU.Build.0 = Release|Any CPU
		{54753190-D414-42F8-9E34-57C480715118}.Debug|Any CPU.ActiveCfg = Debug|Any CPU
		{54753190-D414-42F8-9E34-57C480715118}.Debug|Any CPU.Build.0 = Debug|Any CPU
		{54753190-D414-42F8-9E34-57C480715118}.Release|Any CPU.ActiveCfg = Release|Any CPU
		{54753190-D414-42F8-9E34-57C480715118}.Release|Any CPU.Build.0 = Release|Any CPU
		{FBE0D78E-AC06-496B-9318-9D2B723BA20F}.Debug|Any CPU.ActiveCfg = Debug|Any CPU
		{FBE0D78E-AC06-496B-9318-9D2B723BA20F}.Debug|Any CPU.Build.0 = Debug|Any CPU
		{FBE0D78E-AC06-496B-9318-9D2B723BA20F}.Release|Any CPU.ActiveCfg = Release|Any CPU
		{FBE0D78E-AC06-496B-9318-9D2B723BA20F}.Release|Any CPU.Build.0 = Release|Any CPU
		{9795922B-61B7-4B4F-A904-C166B6A00160}.Debug|Any CPU.ActiveCfg = Debug|Any CPU
		{9795922B-61B7-4B4F-A904-C166B6A00160}.Debug|Any CPU.Build.0 = Debug|Any CPU
		{9795922B-61B7-4B4F-A904-C166B6A00160}.Release|Any CPU.ActiveCfg = Release|Any CPU
		{9795922B-61B7-4B4F-A904-C166B6A00160}.Release|Any CPU.Build.0 = Release|Any CPU
	EndGlobalSection
	GlobalSection(SolutionProperties) = preSolution
		HideSolutionNode = FALSE
	EndGlobalSection
	GlobalSection(NestedProjects) = preSolution
		{140B354F-6626-4AAE-BAF2-893673CCB0A1} = {CDC2EF44-8FD5-4879-B928-F80354462712}
		{33B33703-A4E2-408D-B60D-9D2E8D3D0C86} = {CDC2EF44-8FD5-4879-B928-F80354462712}
		{C8365F11-939C-45FF-B43F-050B19DA0086} = {CDC2EF44-8FD5-4879-B928-F80354462712}
		{8A8253BC-427C-4522-A402-D52CCC8CE960} = {697076A6-B013-4615-8743-A08F025F09BC}
		{5F409ACD-E45B-4C7B-A542-07852245371B} = {697076A6-B013-4615-8743-A08F025F09BC}
		{BBFF5F22-5662-4CCF-ADEF-103C6E0C57D2} = {AAFE5059-8256-4C71-AA41-A6AC87234A97}
		{57779E66-DBFE-4BCB-A0FA-89F986BAD3AC} = {AAFE5059-8256-4C71-AA41-A6AC87234A97}
		{04FED61F-CD16-4A55-9D7C-5FFD6EF8C650} = {D8EE4513-4FD3-4E1F-9AA9-5DC2665CD8BF}
		{A6C0AF7C-0044-4742-BD94-C4EF8EA1B1FC} = {D8EE4513-4FD3-4E1F-9AA9-5DC2665CD8BF}
		{54753190-D414-42F8-9E34-57C480715118} = {D8EE4513-4FD3-4E1F-9AA9-5DC2665CD8BF}
		{FBE0D78E-AC06-496B-9318-9D2B723BA20F} = {C5FBEAC4-C1C1-4AAF-8006-38E510BA8987}
		{9795922B-61B7-4B4F-A904-C166B6A00160} = {C5FBEAC4-C1C1-4AAF-8006-38E510BA8987}
	EndGlobalSection
	GlobalSection(ExtensibilityGlobals) = postSolution
		SolutionGuid = {8EF370BC-0360-4FDA-9588-DE759D39B04A}
	EndGlobalSection
EndGlobal
